
Microsoft Visual Studio Solution File, Format Version 12.00
# Visual Studio Version 17
VisualStudioVersion = 17.7.34018.315
MinimumVisualStudioVersion = 10.0.40219.1
Project("{FAE04EC0-301F-11D3-BF4B-00C04F79EFBC}") = "Pojazdy", "Pojazdy.csproj", "{2EECE64F-DBF4-4621-BA6A-80A87CE08543}"
EndProject
Global
	GlobalSection(SolutionConfigurationPlatforms) = preSolution
		Debug|Any CPU = Debug|Any CPU
		Release|Any CPU = Release|Any CPU
	EndGlobalSection
	GlobalSection(ProjectConfigurationPlatforms) = postSolution
		{2EECE64F-DBF4-4621-BA6A-80A87CE08543}.Debug|Any CPU.ActiveCfg = Debug|Any CPU
		{2EECE64F-DBF4-4621-BA6A-80A87CE08543}.Debug|Any CPU.Build.0 = Debug|Any CPU
		{2EECE64F-DBF4-4621-BA6A-80A87CE08543}.Release|Any CPU.ActiveCfg = Release|Any CPU
		{2EECE64F-DBF4-4621-BA6A-80A87CE08543}.Release|Any CPU.Build.0 = Release|Any CPU
	EndGlobalSection
	GlobalSection(SolutionProperties) = preSolution
		HideSolutionNode = FALSE
	EndGlobalSection
	GlobalSection(ExtensibilityGlobals) = postSolution
		SolutionGuid = {F07C9BAE-41FE-47F9-93B8-E466B09CE4B1}
	EndGlobalSection
EndGlobal
